
Microsoft Visual Studio Solution File, Format Version 12.00
# Visual Studio Version 17
VisualStudioVersion = 17.10.35122.118
MinimumVisualStudioVersion = 10.0.40219.1
Project("{9A19103F-16F7-4668-BE54-9A1E7A4F7556}") = "Configuration", "Configuration\Configuration.csproj", "{72E32676-9A6E-45E1-8DD2-4C1BAC0C3948}"
EndProject
Project("{9A19103F-16F7-4668-BE54-9A1E7A4F7556}") = "ExportCsomToken", "ExportCsomToken\ExportCsomToken.csproj", "{CED292C7-7258-43EF-9E35-3656291B4946}"
EndProject
Project("{9A19103F-16F7-4668-BE54-9A1E7A4F7556}") = "ExportGraphToken", "ExportGraphToken\ExportGraphToken.csproj", "{E3EDA5B3-8500-439C-AE9E-9BA68A9A08F2}"
EndProject
Project("{9A19103F-16F7-4668-BE54-9A1E7A4F7556}") = "ExportGraphDelegateToken", "ExportGraphDelegateToken\ExportGraphDelegateToken.csproj", "{713455E8-996E-4F21-B5A5-CBBBF66510F6}"
EndProject
Project("{2150E333-8FDC-42A3-9474-1A3956D46DE8}") = "ExportTokenHelper", "ExportTokenHelper", "{E95569E7-67ED-43C2-A430-93541C8BE4C4}"
EndProject
Project("{2150E333-8FDC-42A3-9474-1A3956D46DE8}") = "Config", "Config", "{C0914192-A908-4F47-8391-3C54BE5866C3}"
EndProject
Project("{FAE04EC0-301F-11D3-BF4B-00C04F79EFBC}") = "RestApiTest", "RestApiTest\RestApiTest.csproj", "{A65A75E8-6A2F-4D90-968C-843D3C41303C}"
EndProject
Project("{9A19103F-16F7-4668-BE54-9A1E7A4F7556}") = "UnifiedCsomTests", "UnifiedCsomTests\UnifiedCsomTests.csproj", "{F8E9A123-4567-89AB-CDEF-123456789ABC}"
EndProject
Global
	GlobalSection(SolutionConfigurationPlatforms) = preSolution
		Debug|Any CPU = Debug|Any CPU
		Release|Any CPU = Release|Any CPU
	EndGlobalSection
	GlobalSection(ProjectConfigurationPlatforms) = postSolution
		{72E32676-9A6E-45E1-8DD2-4C1BAC0C3948}.Debug|Any CPU.ActiveCfg = Debug|Any CPU
		{72E32676-9A6E-45E1-8DD2-4C1BAC0C3948}.Debug|Any CPU.Build.0 = Debug|Any CPU
		{72E32676-9A6E-45E1-8DD2-4C1BAC0C3948}.Release|Any CPU.ActiveCfg = Release|Any CPU
		{72E32676-9A6E-45E1-8DD2-4C1BAC0C3948}.Release|Any CPU.Build.0 = Release|Any CPU

		{CED292C7-7258-43EF-9E35-3656291B4946}.Debug|Any CPU.ActiveCfg = Debug|Any CPU
                {CED292C7-7258-43EF-9E35-3656291B4946}.Debug|Any CPU.Build.0 = Debug|Any CPU
                {CED292C7-7258-43EF-9E35-3656291B4946}.Release|Any CPU.ActiveCfg = Release|Any CPU
                {CED292C7-7258-43EF-9E35-3656291B4946}.Release|Any CPU.Build.0 = Release|Any CPU
                {E3EDA5B3-8500-439C-AE9E-9BA68A9A08F2}.Debug|Any CPU.ActiveCfg = Debug|Any CPU
                {E3EDA5B3-8500-439C-AE9E-9BA68A9A08F2}.Debug|Any CPU.Build.0 = Debug|Any CPU
                {E3EDA5B3-8500-439C-AE9E-9BA68A9A08F2}.Release|Any CPU.ActiveCfg = Release|Any CPU
                {E3EDA5B3-8500-439C-AE9E-9BA68A9A08F2}.Release|Any CPU.Build.0 = Release|Any CPU
                {713455E8-996E-4F21-B5A5-CBBBF66510F6}.Debug|Any CPU.ActiveCfg = Debug|Any CPU
                {713455E8-996E-4F21-B5A5-CBBBF66510F6}.Debug|Any CPU.Build.0 = Debug|Any CPU
                {713455E8-996E-4F21-B5A5-CBBBF66510F6}.Release|Any CPU.ActiveCfg = Release|Any CPU
                {713455E8-996E-4F21-B5A5-CBBBF66510F6}.Release|Any CPU.Build.0 = Release|Any CPU
                {A65A75E8-6A2F-4D90-968C-843D3C41303C}.Debug|Any CPU.ActiveCfg = Debug|Any CPU
                {A65A75E8-6A2F-4D90-968C-843D3C41303C}.Debug|Any CPU.Build.0 = Debug|Any CPU
                {A65A75E8-6A2F-4D90-968C-843D3C41303C}.Release|Any CPU.ActiveCfg = Release|Any CPU
                {A65A75E8-6A2F-4D90-968C-843D3C41303C}.Release|Any CPU.Build.0 = Release|Any CPU
                {F8E9A123-4567-89AB-CDEF-123456789ABC}.Debug|Any CPU.ActiveCfg = Debug|Any CPU
                {F8E9A123-4567-89AB-CDEF-123456789ABC}.Debug|Any CPU.Build.0 = Debug|Any CPU
                {F8E9A123-4567-89AB-CDEF-123456789ABC}.Release|Any CPU.ActiveCfg = Release|Any CPU
                {F8E9A123-4567-89AB-CDEF-123456789ABC}.Release|Any CPU.Build.0 = Release|Any CPU
	EndGlobalSection
	GlobalSection(SolutionProperties) = preSolution
		HideSolutionNode = FALSE
	EndGlobalSection
	GlobalSection(NestedProjects) = preSolution
		{72E32676-9A6E-45E1-8DD2-4C1BAC0C3948} = {C0914192-A908-4F47-8391-3C54BE5866C3}
		{CED292C7-7258-43EF-9E35-3656291B4946} = {E95569E7-67ED-43C2-A430-93541C8BE4C4}
		{E3EDA5B3-8500-439C-AE9E-9BA68A9A08F2} = {E95569E7-67ED-43C2-A430-93541C8BE4C4}
		{713455E8-996E-4F21-B5A5-CBBBF66510F6} = {E95569E7-67ED-43C2-A430-93541C8BE4C4}
	EndGlobalSection
	GlobalSection(ExtensibilityGlobals) = postSolution
		SolutionGuid = {FC739663-935A-4F9C-A2FE-88BFBF024BDB}
	EndGlobalSection
EndGlobal
